github.com/stretchr/testify v1.11.1-0.20260304064832-5f80e4aef7be h1:9TXIn5XWnJu0CV2Z93sW02OWjo1kgrGLCFHs9SeesMQ=
github.com/stretchr/testify v1.11.1-0.20260304064832-5f80e4aef7be/go.mod h1:d11hXlIvriROXtlDOAOG8An1ScqPngsQzNd90HiowMY=
gopkg.in/check.v1 v0.0.0-20161208181325-20d25e280405 h1:yhCVgyC4o1eVCa2tZl7eS0r+SDo693bJlVdllGtEeKM=
gopkg.in/check.v1 v0.0.0-20161208181325-20d25e280405/go.mod h1:Co6ibVJAznAaIkqp8huTwlJQCZ016jof/cbN4VW5Yz0=
gopkg.in/yaml.v3 v3.0.1 h1:fxVm/GzAzEWqLHuvctI91KS9hhNmmWOoWu0XTYJS7CA=
gopkg.in/yaml.v3 v3.0.1/go.mod h1:K4uyk7z7BCEPqu6E+C64Yfv1cQ7kz7rIZviUmN+EgEM=
